// !$*UTF8*$!
{
	archiveVersion = 1;
	classes = {
	};
	objectVersion = 50;
	objects = {

/* Begin PBXBuildFile section */
		5A3DE12E25BC272B00497ABC /* SpeechifyApp.swift in Sources */ = {isa = PBXBuildFile; fileRef = 5A3DE12D25BC272B00497ABC /* SpeechifyApp.swift */; };
		5A3DE13025BC272B00497ABC /* ContentView.swift in Sources */ = {isa = PBXBuildFile; fileRef = 5A3DE12F25BC272B00497ABC /* ContentView.swift */; };
		5A3DE13225BC272D00497ABC /* Assets.xcassets in Resources */ = {isa = PBXBuildFile; fileRef = 5A3DE13125BC272D00497ABC /* Assets.xcassets */; };
		5A3DE13525BC272D00497ABC /* Preview Assets.xcassets in Resources */ = {isa = PBXBuildFile; fileRef = 5A3DE13425BC272D00497ABC /* Preview Assets.xcassets */; };
		5A3DE14025BC272D00497ABC /* SpeechifyTests.swift in Sources */ = {isa = PBXBuildFile; fileRef = 5A3DE13F25BC272D00497ABC /* SpeechifyTests.swift */; };
		5A3DE14B25BC272D00497ABC /* SpeechifyUITests.swift in Sources */ = {isa = PBXBuildFile; fileRef = 5A3DE14A25BC272D00497ABC /* SpeechifyUITests.swift */; };
		5A3DE15F25BC844300497ABC /* TransciberViewModel.swift in Sources */ = {isa = PBXBuildFile; fileRef = 5A3DE15E25BC844300497ABC /* TransciberViewModel.swift */; };
		5A3DE16425BC849200497ABC /* AudioRecordingService.swift in Sources */ = {isa = PBXBuildFile; fileRef = 5A3DE16325BC849200497ABC /* AudioRecordingService.swift */; };
/* End PBXBuildFile section */

/* Begin PBXContainerItemProxy section */
		5A3DE13C25BC272D00497ABC /* PBXContainerItemProxy */ = {
			isa = PBXContainerItemProxy;
			containerPortal = 5A3DE12225BC272B00497ABC /* Project object */;
			proxyType = 1;
			remoteGlobalIDString = 5A3DE12925BC272B00497ABC;
			remoteInfo = Speechify;
		};
		5A3DE14725BC272D00497ABC /* PBXContainerItemProxy */ = {
			isa = PBXContainerItemProxy;
			containerPortal = 5A3DE12225BC272B00497ABC /* Project object */;
			proxyType = 1;
			remoteGlobalIDString = 5A3DE12925BC272B00497ABC;
			remoteInfo = Speechify;
		};
/* End PBXContainerItemProxy section */

/* Begin PBXFileReference section */
		5A3DE12A25BC272B00497ABC /* Speechify.app */ = {isa = PBXFileReference; explicitFileType = wrapper.application; includeInIndex = 0; path = Speechify.app; sourceTree = BUILT_PRODUCTS_DIR; };
		5A3DE12D25BC272B00497ABC /* SpeechifyApp.swift */ = {isa = PBXFileReference; lastKnownFileType = sourcecode.swift; path = SpeechifyApp.swift; sourceTree = "<group>"; };
		5A3DE12F25BC272B00497ABC /* ContentView.swift */ = {isa = PBXFileReference; lastKnownFileType = sourcecode.swift; path = ContentView.swift; sourceTree = "<group>"; };
		5A3DE13125BC272D00497ABC /* Assets.xcassets */ = {isa = PBXFileReference; lastKnownFileType = folder.assetcatalog; path = Assets.xcassets; sourceTree = "<group>"; };
		5A3DE13425BC272D00497ABC /* Preview Assets.xcassets */ = {isa = PBXFileReference; lastKnownFileType = folder.assetcatalog; path = "Preview Assets.xcassets"; sourceTree = "<group>"; };
		5A3DE13625BC272D00497ABC /* Info.plist */ = {isa = PBXFileReference; lastKnownFileType = text.plist.xml; path = Info.plist; sourceTree = "<group>"; };
		5A3DE13B25BC272D00497ABC /* SpeechifyTests.xctest */ = {isa = PBXFileReference; explicitFileType = wrapper.cfbundle; includeInIndex = 0; path = SpeechifyTests.xctest; sourceTree = BUILT_PRODUCTS_DIR; };
		5A3DE13F25BC272D00497ABC /* SpeechifyTests.swift */ = {isa = PBXFileReference; lastKnownFileType = sourcecode.swift; path = SpeechifyTests.swift; sourceTree = "<group>"; };
		5A3DE14125BC272D00497ABC /* Info.plist */ = {isa = PBXFileReference; lastKnownFileType = text.plist.xml; path = Info.plist; sourceTree = "<group>"; };
		5A3DE14625BC272D00497ABC /* SpeechifyUITests.xctest */ = {isa = PBXFileReference; explicitFileType = wrapper.cfbundle; includeInIndex = 0; path = SpeechifyUITests.xctest; sourceTree = BUILT_PRODUCTS_DIR; };
		5A3DE14A25BC272D00497ABC /* SpeechifyUITests.swift */ = {isa = PBXFileReference; lastKnownFileType = sourcecode.swift; path = SpeechifyUITests.swift; sourceTree = "<group>"; };
		5A3DE14C25BC272D00497ABC /* Info.plist */ = {isa = PBXFileReference; lastKnownFileType = text.plist.xml; path = Info.plist; sourceTree = "<group>"; };
		5A3DE15E25BC844300497ABC /* TransciberViewModel.swift */ = {isa = PBXFileReference; lastKnownFileType = sourcecode.swift; path = TransciberViewModel.swift; sourceTree = "<group>"; };
		5A3DE16325BC849200497ABC /* AudioRecordingService.swift */ = {isa = PBXFileReference; lastKnownFileType = sourcecode.swift; path = AudioRecordingService.swift; sourceTree = "<group>"; };
/* End PBXFileReference section */

/* Begin PBXFrameworksBuildPhase section */
		5A3DE12725BC272B00497ABC /* Frameworks */ = {
			isa = PBXFrameworksBuildPhase;
			buildActionMask = 2147483647;
			files = (
			);
			runOnlyForDeploymentPostprocessing = 0;
		};
		5A3DE13825BC272D00497ABC /* Frameworks */ = {
			isa = PBXFrameworksBuildPhase;
			buildActionMask = 2147483647;
			files = (
			);
			runOnlyForDeploymentPostprocessing = 0;
		};
		5A3DE14325BC272D00497ABC /* Frameworks */ = {
			isa = PBXFrameworksBuildPhase;
			buildActionMask = 2147483647;
			files = (
			);
			runOnlyForDeploymentPostprocessing = 0;
		};
/* End PBXFrameworksBuildPhase section */

/* Begin PBXGroup section */
		5A3DE12125BC272B00497ABC = {
			isa = PBXGroup;
			children = (
				5A3DE12C25BC272B00497ABC /* Speechify */,
				5A3DE13E25BC272D00497ABC /* SpeechifyTests */,
				5A3DE14925BC272D00497ABC /* SpeechifyUITests */,
				5A3DE12B25BC272B00497ABC /* Products */,
			);
			sourceTree = "<group>";
		};
		5A3DE12B25BC272B00497ABC /* Products */ = {
			isa = PBXGroup;
			children = (
				5A3DE12A25BC272B00497ABC /* Speechify.app */,
				5A3DE13B25BC272D00497ABC /* SpeechifyTests.xctest */,
				5A3DE14625BC272D00497ABC /* SpeechifyUITests.xctest */,
			);
			name = Products;
			sourceTree = "<group>";
		};
		5A3DE12C25BC272B00497ABC /* Speechify */ = {
			isa = PBXGroup;
			children = (
				5A3DE12D25BC272B00497ABC /* SpeechifyApp.swift */,
				5A3DE12F25BC272B00497ABC /* ContentView.swift */,
				5A3DE15E25BC844300497ABC /* TransciberViewModel.swift */,
				5A3DE13125BC272D00497ABC /* Assets.xcassets */,
				5A3DE13625BC272D00497ABC /* Info.plist */,
				5A3DE13325BC272D00497ABC /* Preview Content */,
				5A3DE16325BC849200497ABC /* AudioRecordingService.swift */,
			);
			path = Speechify;
			sourceTree = "<group>";
		};
		5A3DE13325BC272D00497ABC /* Preview Content */ = {
			isa = PBXGroup;
			children = (
				5A3DE13425BC272D00497ABC /* Preview Assets.xcassets */,
			);
			path = "Preview Content";
			sourceTree = "<group>";
		};
		5A3DE13E25BC272D00497ABC /* SpeechifyTests */ = {
			isa = PBXGroup;
			children = (
				5A3DE13F25BC272D00497ABC /* SpeechifyTests.swift */,
				5A3DE14125BC272D00497ABC /* Info.plist */,
			);
			path = SpeechifyTests;
			sourceTree = "<group>";
		};
		5A3DE14925BC272D00497ABC /* SpeechifyUITests */ = {
			isa = PBXGroup;
			children = (
				5A3DE14A25BC272D00497ABC /* SpeechifyUITests.swift */,
				5A3DE14C25BC272D00497ABC /* Info.plist */,
			);
			path = SpeechifyUITests;
			sourceTree = "<group>";
		};
/* End PBXGroup section */

/* Begin PBXNativeTarget section */
		5A3DE12925BC272B00497ABC /* Speechify */ = {
			isa = PBXNativeTarget;
			buildConfigurationList = 5A3DE14F25BC272D00497ABC /* Build configuration list for PBXNativeTarget "Speechify" */;
			buildPhases = (
				5A3DE12625BC272B00497ABC /* Sources */,
				5A3DE12725BC272B00497ABC /* Frameworks */,
				5A3DE12825BC272B00497ABC /* Resources */,
			);
			buildRules = (
			);
			dependencies = (
			);
			name = Speechify;
			productName = Speechify;
			productReference = 5A3DE12A25BC272B00497ABC /* Speechify.app */;
			productType = "com.apple.product-type.application";
		};
		5A3DE13A25BC272D00497ABC /* SpeechifyTests */ = {
			isa = PBXNativeTarget;
			buildConfigurationList = 5A3DE15225BC272E00497ABC /* Build configuration list for PBXNativeTarget "SpeechifyTests" */;
			buildPhases = (
				5A3DE13725BC272D00497ABC /* Sources */,
				5A3DE13825BC272D00497ABC /* Frameworks */,
				5A3DE13925BC272D00497ABC /* Resources */,
			);
			buildRules = (
			);
			dependencies = (
				5A3DE13D25BC272D00497ABC /* PBXTargetDependency */,
			);
			name = SpeechifyTests;
			productName = SpeechifyTests;
			productReference = 5A3DE13B25BC272D00497ABC /* SpeechifyTests.xctest */;
			productType = "com.apple.product-type.bundle.unit-test";
		};
		5A3DE14525BC272D00497ABC /* SpeechifyUITests */ = {
			isa = PBXNativeTarget;
			buildConfigurationList = 5A3DE15525BC272E00497ABC /* Build configuration list for PBXNativeTarget "SpeechifyUITests" */;
			buildPhases = (
				5A3DE14225BC272D00497ABC /* Sources */,
				5A3DE14325BC272D00497ABC /* Frameworks */,
				5A3DE14425BC272D00497ABC /* Resources */,
			);
			buildRules = (
			);
			dependencies = (
				5A3DE14825BC272D00497ABC /* PBXTargetDependency */,
			);
			name = SpeechifyUITests;
			productName = SpeechifyUITests;
			productReference = 5A3DE14625BC272D00497ABC /* SpeechifyUITests.xctest */;
			productType = "com.apple.product-type.bundle.ui-testing";
		};
/* End PBXNativeTarget section */

/* Begin PBXProject section */
		5A3DE12225BC272B00497ABC /* Project object */ = {
			isa = PBXProject;
			attributes = {
				LastSwiftUpdateCheck = 1230;
				LastUpgradeCheck = 1230;
				TargetAttributes = {
					5A3DE12925BC272B00497ABC = {
						CreatedOnToolsVersion = 12.3;
					};
					5A3DE13A25BC272D00497ABC = {
						CreatedOnToolsVersion = 12.3;
						TestTargetID = 5A3DE12925BC272B00497ABC;
					};
					5A3DE14525BC272D00497ABC = {
						CreatedOnToolsVersion = 12.3;
						TestTargetID = 5A3DE12925BC272B00497ABC;
					};
				};
			};
			buildConfigurationList = 5A3DE12525BC272B00497ABC /* Build configuration list for PBXProject "Speechify" */;
			compatibilityVersion = "Xcode 9.3";
			developmentRegion = en;
			hasScannedForEncodings = 0;
			knownRegions = (
				en,
				Base,
			);
			mainGroup = 5A3DE12125BC272B00497ABC;
			productRefGroup = 5A3DE12B25BC272B00497ABC /* Products */;
			projectDirPath = "";
			projectRoot = "";
			targets = (
				5A3DE12925BC272B00497ABC /* Speechify */,
				5A3DE13A25BC272D00497ABC /* SpeechifyTests */,
				5A3DE14525BC272D00497ABC /* SpeechifyUITests */,
			);
		};
/* End PBXProject section */

/* Begin PBXResourcesBuildPhase section */
		5A3DE12825BC272B00497ABC /* Resources */ = {
			isa = PBXResourcesBuildPhase;
			buildActionMask = 2147483647;
			files = (
				5A3DE13525BC272D00497ABC /* Preview Assets.xcassets in Resources */,
				5A3DE13225BC272D00497ABC /* Assets.xcassets in Resources */,
			);
			runOnlyForDeploymentPostprocessing = 0;
		};
		5A3DE13925BC272D00497ABC /* Resources */ = {
			isa = PBXResourcesBuildPhase;
			buildActionMask = 2147483647;
			files = (
			);
			runOnlyForDeploymentPostprocessing = 0;
		};
		5A3DE14425BC272D00497ABC /* Resources */ = {
			isa = PBXResourcesBuildPhase;
			buildActionMask = 2147483647;
			files = (
			);
			runOnlyForDeploymentPostprocessing = 0;
		};
/* End PBXResourcesBuildPhase section */

/* Begin PBXSourcesBuildPhase section */
		5A3DE12625BC272B00497ABC /* Sources */ = {
			isa = PBXSourcesBuildPhase;
			buildActionMask = 2147483647;
			files = (
				5A3DE13025BC272B00497ABC /* ContentView.swift in Sources */,
				5A3DE12E25BC272B00497ABC /* SpeechifyApp.swift in Sources */,
				5A3DE16425BC849200497ABC /* AudioRecordingService.swift in Sources */,
				5A3DE15F25BC844300497ABC /* TransciberViewModel.swift in Sources */,
			);
			runOnlyForDeploymentPostprocessing = 0;
		};
		5A3DE13725BC272D00497ABC /* Sources */ = {
			isa = PBXSourcesBuildPhase;
			buildActionMask = 2147483647;
			files = (
				5A3DE14025BC272D00497ABC /* SpeechifyTests.swift in Sources */,
			);
			runOnlyForDeploymentPostprocessing = 0;
		};
		5A3DE14225BC272D00497ABC /* Sources */ = {
			isa = PBXSourcesBuildPhase;
			buildActionMask = 2147483647;
			files = (
				5A3DE14B25BC272D00497ABC /* SpeechifyUITests.swift in Sources */,
			);
			runOnlyForDeploymentPostprocessing = 0;
		};
/* End PBXSourcesBuildPhase section */

/* Begin PBXTargetDependency section */
		5A3DE13D25BC272D00497ABC /* PBXTargetDependency */ = {
			isa = PBXTargetDependency;
			target = 5A3DE12925BC272B00497ABC /* Speechify */;
			targetProxy = 5A3DE13C25BC272D00497ABC /* PBXContainerItemProxy */;
		};
		5A3DE14825BC272D00497ABC /* PBXTargetDependency */ = {
			isa = PBXTargetDependency;
			target = 5A3DE12925BC272B00497ABC /* Speechify */;
			targetProxy = 5A3DE14725BC272D00497ABC /* PBXContainerItemProxy */;
		};
/* End PBXTargetDependency section */

/* Begin XCBuildConfiguration section */
		5A3DE14D25BC272D00497ABC /* Debug */ = {
			isa = XCBuildConfiguration;
			buildSettings = {
				ALWAYS_SEARCH_USER_PATHS = NO;
				CLANG_ANALYZER_NONNULL = YES;
				CLANG_ANALYZER_NUMBER_OBJECT_CONVERSION = YES_AGGRESSIVE;
				CLANG_CXX_LANGUAGE_STANDARD = "gnu++14";
				CLANG_CXX_LIBRARY = "libc++";
				CLANG_ENABLE_MODULES = YES;
				CLANG_ENABLE_OBJC_ARC = YES;
				CLANG_ENABLE_OBJC_WEAK = YES;
				CLANG_WARN_BLOCK_CAPTURE_AUTORELEASING = YES;
				CLANG_WARN_BOOL_CONVERSION = YES;
				CLANG_WARN_COMMA = YES;
				CLANG_WARN_CONSTANT_CONVERSION = YES;
				CLANG_WARN_DEPRECATED_OBJC_IMPLEMENTATIONS = YES;
				CLANG_WARN_DIRECT_OBJC_ISA_USAGE = YES_ERROR;
				CLANG_WARN_DOCUMENTATION_COMMENTS = YES;
				CLANG_WARN_EMPTY_BODY = YES;
				CLANG_WARN_ENUM_CONVERSION = YES;
				CLANG_WARN_INFINITE_RECURSION = YES;
				CLANG_WARN_INT_CONVERSION = YES;
				CLANG_WARN_NON_LITERAL_NULL_CONVERSION = YES;
				CLANG_WARN_OBJC_IMPLICIT_RETAIN_SELF = YES;
				CLANG_WARN_OBJC_LITERAL_CONVERSION = YES;
				CLANG_WARN_OBJC_ROOT_CLASS = YES_ERROR;
				CLANG_WARN_QUOTED_INCLUDE_IN_FRAMEWORK_HEADER = YES;
				CLANG_WARN_RANGE_LOOP_ANALYSIS = YES;
				CLANG_WARN_STRICT_PROTOTYPES = YES;
				CLANG_WARN_SUSPICIOUS_MOVE = YES;
				CLANG_WARN_UNGUARDED_AVAILABILITY = YES_AGGRESSIVE;
				CLANG_WARN_UNREACHABLE_CODE = YES;
				CLANG_WARN__DUPLICATE_METHOD_MATCH = YES;
				COPY_PHASE_STRIP = NO;
				DEBUG_INFORMATION_FORMAT = dwarf;
				ENABLE_STRICT_OBJC_MSGSEND = YES;
				ENABLE_TESTABILITY = YES;
				GCC_C_LANGUAGE_STANDARD = gnu11;
				GCC_DYNAMIC_NO_PIC = NO;
				GCC_NO_COMMON_BLOCKS = YES;
				GCC_OPTIMIZATION_LEVEL = 0;
				GCC_PREPROCESSOR_DEFINITIONS = (
					"DEBUG=1",
					"$(inherited)",
				);
				GCC_WARN_64_TO_32_BIT_CONVERSION = YES;
				GCC_WARN_ABOUT_RETURN_TYPE = YES_ERROR;
				GCC_WARN_UNDECLARED_SELECTOR = YES;
				GCC_WARN_UNINITIALIZED_AUTOS = YES_AGGRESSIVE;
				GCC_WARN_UNUSED_FUNCTION = YES;
				GCC_WARN_UNUSED_VARIABLE = YES;
				IPHONEOS_DEPLOYMENT_TARGET = 14.3;
				MTL_ENABLE_DEBUG_INFO = INCLUDE_SOURCE;
				MTL_FAST_MATH = YES;
				ONLY_ACTIVE_ARCH = YES;
				SDKROOT = iphoneos;
				SWIFT_ACTIVE_COMPILATION_CONDITIONS = DEBUG;
				SWIFT_OPTIMIZATION_LEVEL = "-Onone";
			};
			name = Debug;
		};
		5A3DE14E25BC272D00497ABC /* Release */ = {
			isa = XCBuildConfiguration;
			buildSettings = {
				ALWAYS_SEARCH_USER_PATHS = NO;
				CLANG_ANALYZER_NONNULL = YES;
				CLANG_ANALYZER_NUMBER_OBJECT_CONVERSION = YES_AGGRESSIVE;
				CLANG_CXX_LANGUAGE_STANDARD = "gnu++14";
				CLANG_CXX_LIBRARY = "libc++";
				CLANG_ENABLE_MODULES = YES;
				CLANG_ENABLE_OBJC_ARC = YES;
				CLANG_ENABLE_OBJC_WEAK = YES;
				CLANG_WARN_BLOCK_CAPTURE_AUTORELEASING = YES;
				CLANG_WARN_BOOL_CONVERSION = YES;
				CLANG_WARN_COMMA = YES;
				CLANG_WARN_CONSTANT_CONVERSION = YES;
				CLANG_WARN_DEPRECATED_OBJC_IMPLEMENTATIONS = YES;
				CLANG_WARN_DIRECT_OBJC_ISA_USAGE = YES_ERROR;
				CLANG_WARN_DOCUMENTATION_COMMENTS = YES;
				CLANG_WARN_EMPTY_BODY = YES;
				CLANG_WARN_ENUM_CONVERSION = YES;
				CLANG_WARN_INFINITE_RECURSION = YES;
				CLANG_WARN_INT_CONVERSION = YES;
				CLANG_WARN_NON_LITERAL_NULL_CONVERSION = YES;
				CLANG_WARN_OBJC_IMPLICIT_RETAIN_SELF = YES;
				CLANG_WARN_OBJC_LITERAL_CONVERSION = YES;
				CLANG_WARN_OBJC_ROOT_CLASS = YES_ERROR;
				CLANG_WARN_QUOTED_INCLUDE_IN_FRAMEWORK_HEADER = YES;
				CLANG_WARN_RANGE_LOOP_ANALYSIS = YES;
				CLANG_WARN_STRICT_PROTOTYPES = YES;
				CLANG_WARN_SUSPICIOUS_MOVE = YES;
				CLANG_WARN_UNGUARDED_AVAILABILITY = YES_AGGRESSIVE;
				CLANG_WARN_UNREACHABLE_CODE = YES;
				CLANG_WARN__DUPLICATE_METHOD_MATCH = YES;
				COPY_PHASE_STRIP = NO;
				DEBUG_INFORMATION_FORMAT = "dwarf-with-dsym";
				ENABLE_NS_ASSERTIONS = NO;
				ENABLE_STRICT_OBJC_MSGSEND = YES;
				GCC_C_LANGUAGE_STANDARD = gnu11;
				GCC_NO_COMMON_BLOCKS = YES;
				GCC_WARN_64_TO_32_BIT_CONVERSION = YES;
				GCC_WARN_ABOUT_RETURN_TYPE = YES_ERROR;
				GCC_WARN_UNDECLARED_SELECTOR = YES;
				GCC_WARN_UNINITIALIZED_AUTOS = YES_AGGRESSIVE;
				GCC_WARN_UNUSED_FUNCTION = YES;
				GCC_WARN_UNUSED_VARIABLE = YES;
				IPHONEOS_DEPLOYMENT_TARGET = 14.3;
				MTL_ENABLE_DEBUG_INFO = NO;
				MTL_FAST_MATH = YES;
				SDKROOT = iphoneos;
				SWIFT_COMPILATION_MODE = wholemodule;
				SWIFT_OPTIMIZATION_LEVEL = "-O";
				VALIDATE_PRODUCT = YES;
			};
			name = Release;
		};
		5A3DE15025BC272E00497ABC /* Debug */ = {
			isa = XCBuildConfiguration;
			buildSettings = {
				ASSETCATALOG_COMPILER_APPICON_NAME = AppIcon;
				ASSETCATALOG_COMPILER_GLOBAL_ACCENT_COLOR_NAME = AccentColor;
				CODE_SIGN_STYLE = Automatic;
				DEVELOPMENT_ASSET_PATHS = "\"Speechify/Preview Content\"";
				DEVELOPMENT_TEAM = 46B32CU632;
				ENABLE_PREVIEWS = YES;
				INFOPLIST_FILE = Speechify/Info.plist;
				IPHONEOS_DEPLOYMENT_TARGET = 14.0;
				LD_RUNPATH_SEARCH_PATHS = (
					"$(inherited)",
					"@executable_path/Frameworks",
				);
				PRODUCT_BUNDLE_IDENTIFIER = com.ygorxkharo.Speechify;
				PRODUCT_NAME = "$(TARGET_NAME)";
				SWIFT_VERSION = 5.0;
				TARGETED_DEVICE_FAMILY = "1,2";
			};
			name = Debug;
		};
		5A3DE15125BC272E00497ABC /* Release */ = {
			isa = XCBuildConfiguration;
			buildSettings = {
				ASSETCATALOG_COMPILER_APPICON_NAME = AppIcon;
				ASSETCATALOG_COMPILER_GLOBAL_ACCENT_COLOR_NAME = AccentColor;
				CODE_SIGN_STYLE = Automatic;
				DEVELOPMENT_ASSET_PATHS = "\"Speechify/Preview Content\"";
				DEVELOPMENT_TEAM = 46B32CU632;
				ENABLE_PREVIEWS = YES;
				INFOPLIST_FILE = Speechify/Info.plist;
				IPHONEOS_DEPLOYMENT_TARGET = 14.0;
				LD_RUNPATH_SEARCH_PATHS = (
					"$(inherited)",
					"@executable_path/Frameworks",
				);
				PRODUCT_BUNDLE_IDENTIFIER = com.ygorxkharo.Speechify;
				PRODUCT_NAME = "$(TARGET_NAME)";
				SWIFT_VERSION = 5.0;
				TARGETED_DEVICE_FAMILY = "1,2";
			};
			name = Release;
		};
		5A3DE15325BC272E00497ABC /* Debug */ = {
			isa = XCBuildConfiguration;
			buildSettings = {
				ALWAYS_EMBED_SWIFT_STANDARD_LIBRARIES = YES;
				BUNDLE_LOADER = "$(TEST_HOST)";
				CODE_SIGN_STYLE = Automatic;
				DEVELOPMENT_TEAM = 46B32CU632;
				INFOPLIST_FILE = SpeechifyTests/Info.plist;
				IPHONEOS_DEPLOYMENT_TARGET = 14.0;
				LD_RUNPATH_SEARCH_PATHS = (
					"$(inherited)",
					"@executable_path/Frameworks",
					"@loader_path/Frameworks",
				);
				PRODUCT_BUNDLE_IDENTIFIER = com.ygorxkharo.SpeechifyTests;
				PRODUCT_NAME = "$(TARGET_NAME)";
				SWIFT_VERSION = 5.0;
				TARGETED_DEVICE_FAMILY = "1,2";
				TEST_HOST = "$(BUILT_PRODUCTS_DIR)/Speechify.app/Speechify";
			};
			name = Debug;
		};
		5A3DE15425BC272E00497ABC /* Release */ = {
			isa = XCBuildConfiguration;
			buildSettings = {
				ALWAYS_EMBED_SWIFT_STANDARD_LIBRARIES = YES;
				BUNDLE_LOADER = "$(TEST_HOST)";
				CODE_SIGN_STYLE = Automatic;
				DEVELOPMENT_TEAM = 46B32CU632;
				INFOPLIST_FILE = SpeechifyTests/Info.plist;
				IPHONEOS_DEPLOYMENT_TARGET = 14.0;
				LD_RUNPATH_SEARCH_PATHS = (
					"$(inherited)",
					"@executable_path/Frameworks",
					"@loader_path/Frameworks",
				);
				PRODUCT_BUNDLE_IDENTIFIER = com.ygorxkharo.SpeechifyTests;
				PRODUCT_NAME = "$(TARGET_NAME)";
				SWIFT_VERSION = 5.0;
				TARGETED_DEVICE_FAMILY = "1,2";
				TEST_HOST = "$(BUILT_PRODUCTS_DIR)/Speechify.app/Speechify";
			};
			name = Release;
		};
		5A3DE15625BC272E00497ABC /* Debug */ = {
			isa = XCBuildConfiguration;
			buildSettings = {
				ALWAYS_EMBED_SWIFT_STANDARD_LIBRARIES = YES;
				CODE_SIGN_STYLE = Automatic;
				DEVELOPMENT_TEAM = 46B32CU632;
				INFOPLIST_FILE = SpeechifyUITests/Info.plist;
				LD_RUNPATH_SEARCH_PATHS = (
					"$(inherited)",
					"@executable_path/Frameworks",
					"@loader_path/Frameworks",
				);
				PRODUCT_BUNDLE_IDENTIFIER = com.ygorxkharo.SpeechifyUITests;
				PRODUCT_NAME = "$(TARGET_NAME)";
				SWIFT_VERSION = 5.0;
				TARGETED_DEVICE_FAMILY = "1,2";
				TEST_TARGET_NAME = Speechify;
			};
			name = Debug;
		};
		5A3DE15725BC272E00497ABC /* Release */ = {
			isa = XCBuildConfiguration;
			buildSettings = {
				ALWAYS_EMBED_SWIFT_STANDARD_LIBRARIES = YES;
				CODE_SIGN_STYLE = Automatic;
				DEVELOPMENT_TEAM = 46B32CU632;
				INFOPLIST_FILE = SpeechifyUITests/Info.plist;
				LD_RUNPATH_SEARCH_PATHS = (
					"$(inherited)",
					"@executable_path/Frameworks",
					"@loader_path/Frameworks",
				);
				PRODUCT_BUNDLE_IDENTIFIER = com.ygorxkharo.SpeechifyUITests;
				PRODUCT_NAME = "$(TARGET_NAME)";
				SWIFT_VERSION = 5.0;
				TARGETED_DEVICE_FAMILY = "1,2";
				TEST_TARGET_NAME = Speechify;
			};
			name = Release;
		};
/* End XCBuildConfiguration section */

/* Begin XCConfigurationList section */
		5A3DE12525BC272B00497ABC /* Build configuration list for PBXProject "Speechify" */ = {
			isa = XCConfigurationList;
			buildConfigurations = (
				5A3DE14D25BC272D00497ABC /* Debug */,
				5A3DE14E25BC272D00497ABC /* Release */,
			);
			defaultConfigurationIsVisible = 0;
			defaultConfigurationName = Release;
		};
		5A3DE14F25BC272D00497ABC /* Build configuration list for PBXNativeTarget "Speechify" */ = {
			isa = XCConfigurationList;
			buildConfigurations = (
				5A3DE15025BC272E00497ABC /* Debug */,
				5A3DE15125BC272E00497ABC /* Release */,
			);
			defaultConfigurationIsVisible = 0;
			defaultConfigurationName = Release;
		};
		5A3DE15225BC272E00497ABC /* Build configuration list for PBXNativeTarget "SpeechifyTests" */ = {
			isa = XCConfigurationList;
			buildConfigurations = (
				5A3DE15325BC272E00497ABC /* Debug */,
				5A3DE15425BC272E00497ABC /* Release */,
			);
			defaultConfigurationIsVisible = 0;
			defaultConfigurationName = Release;
		};
		5A3DE15525BC272E00497ABC /* Build configuration list for PBXNativeTarget "SpeechifyUITests" */ = {
			isa = XCConfigurationList;
			buildConfigurations = (
				5A3DE15625BC272E00497ABC /* Debug */,
				5A3DE15725BC272E00497ABC /* Release */,
			);
			defaultConfigurationIsVisible = 0;
			defaultConfigurationName = Release;
		};
/* End XCConfigurationList section */
	};
	rootObject = 5A3DE12225BC272B00497ABC /* Project object */;
}
